
Microsoft Visual Studio Solution File, Format Version 12.00
# Visual Studio Version 16
VisualStudioVersion = 16.0.30523.141
MinimumVisualStudioVersion = 10.0.40219.1
Project("{FAE04EC0-301F-11D3-BF4B-00C04F79EFBC}") = "Προαιρετικη 3 Π19032", "Προαιρετικη 3 Π19032\Προαιρετικη 3 Π19032.csproj", "{23CF8BB9-9552-4689-9D66-8B6ED1587B9B}"
EndProject
Global
	GlobalSection(SolutionConfigurationPlatforms) = preSolution
		Debug|Any CPU = Debug|Any CPU
		Release|Any CPU = Release|Any CPU
	EndGlobalSection
	GlobalSection(ProjectConfigurationPlatforms) = postSolution
		{23CF8BB9-9552-4689-9D66-8B6ED1587B9B}.Debug|Any CPU.ActiveCfg = Debug|Any CPU
		{23CF8BB9-9552-4689-9D66-8B6ED1587B9B}.Debug|Any CPU.Build.0 = Debug|Any CPU
		{23CF8BB9-9552-4689-9D66-8B6ED1587B9B}.Release|Any CPU.ActiveCfg = Release|Any CPU
		{23CF8BB9-9552-4689-9D66-8B6ED1587B9B}.Release|Any CPU.Build.0 = Release|Any CPU
	EndGlobalSection
	GlobalSection(SolutionProperties) = preSolution
		HideSolutionNode = FALSE
	EndGlobalSection
	GlobalSection(ExtensibilityGlobals) = postSolution
		SolutionGuid = {6E070DF3-4B8F-48CB-81D4-A7BCA783EB7D}
	EndGlobalSection
EndGlobal
